# THIS IS AN AUTOGENERATED FILE. DO NOT EDIT THIS FILE DIRECTLY.
# yarn lockfile v1


"@vue/devtools-api@^7.7.2":
  version "7.7.2"
  resolved "https://registry.npmmirror.com/@vue/devtools-api/-/devtools-api-7.7.2.tgz#49837eae6f61fc43a09f5d6c2d3210f9f73a0d09"
  integrity sha512-1syn558KhyN+chO5SjlZIwJ8bV/bQ1nOVTG66t2RbG66ZGekyiYNmRO7X9BJCXQqPsFHlnksqvPhce2qpzxFnA==
  dependencies:
    "@vue/devtools-kit" "^7.7.2"

"@vue/devtools-kit@^7.7.2":
  version "7.7.2"
  resolved "https://registry.npmmirror.com/@vue/devtools-kit/-/devtools-kit-7.7.2.tgz#3315bd5b144f98c7b84c2f44270b445644ec8f10"
  integrity sha512-CY0I1JH3Z8PECbn6k3TqM1Bk9ASWxeMtTCvZr7vb+CHi+X/QwQm5F1/fPagraamKMAHVfuuCbdcnNg1A4CYVWQ==
  dependencies:
    "@vue/devtools-shared" "^7.7.2"
    birpc "^0.2.19"
    hookable "^5.5.3"
    mitt "^3.0.1"
    perfect-debounce "^1.0.0"
    speakingurl "^14.0.1"
    superjson "^2.2.1"

"@vue/devtools-shared@^7.7.2":
  version "7.7.2"
  resolved "https://registry.npmmirror.com/@vue/devtools-shared/-/devtools-shared-7.7.2.tgz#b11b143820130a32d8ce5737e264d06ab6d62f40"
  integrity sha512-uBFxnp8gwW2vD6FrJB8JZLUzVb6PNRG0B0jBnHsOH8uKyva2qINY8PTF5Te4QlTbMDqU5K6qtJDr6cNsKWhbOA==
  dependencies:
    rfdc "^1.4.1"

birpc@^0.2.19:
  version "0.2.19"
  resolved "https://registry.npmmirror.com/birpc/-/birpc-0.2.19.tgz#cdd183a4a70ba103127d49765b4a71349da5a0ca"
  integrity sha512-5WeXXAvTmitV1RqJFppT5QtUiz2p1mRSYU000Jkft5ZUCLJIk4uQriYNO50HknxKwM6jd8utNc66K1qGIwwWBQ==

copy-anything@^3.0.2:
  version "3.0.5"
  resolved "https://registry.npmmirror.com/copy-anything/-/copy-anything-3.0.5.tgz#2d92dce8c498f790fa7ad16b01a1ae5a45b020a0"
  integrity sha512-yCEafptTtb4bk7GLEQoM8KVJpxAfdBJYaXyzQEgQQQgYrZiDp8SJmGKlYza6CYjEDNstAdNdKA3UuoULlEbS6w==
  dependencies:
    is-what "^4.1.8"

hookable@^5.5.3:
  version "5.5.3"
  resolved "https://registry.npmmirror.com/hookable/-/hookable-5.5.3.tgz#6cfc358984a1ef991e2518cb9ed4a778bbd3215d"
  integrity sha512-Yc+BQe8SvoXH1643Qez1zqLRmbA5rCL+sSmk6TVos0LWVfNIB7PGncdlId77WzLGSIB5KaWgTaNTs2lNVEI6VQ==

is-what@^4.1.8:
  version "4.1.16"
  resolved "https://registry.npmmirror.com/is-what/-/is-what-4.1.16.tgz#1ad860a19da8b4895ad5495da3182ce2acdd7a6f"
  integrity sha512-ZhMwEosbFJkA0YhFnNDgTM4ZxDRsS6HqTo7qsZM08fehyRYIYa0yHu5R6mgo1n/8MgaPBXiPimPD77baVFYg+A==

mitt@^3.0.1:
  version "3.0.1"
  resolved "https://registry.npmmirror.com/mitt/-/mitt-3.0.1.tgz#ea36cf0cc30403601ae074c8f77b7092cdab36d1"
  integrity sha512-vKivATfr97l2/QBCYAkXYDbrIWPM2IIKEl7YPhjCvKlG3kE2gm+uBo6nEXK3M5/Ffh/FLpKExzOQ3JJoJGFKBw==

perfect-debounce@^1.0.0:
  version "1.0.0"
  resolved "https://registry.npmmirror.com/perfect-debounce/-/perfect-debounce-1.0.0.tgz#9c2e8bc30b169cc984a58b7d5b28049839591d2a"
  integrity sha512-xCy9V055GLEqoFaHoC1SoLIaLmWctgCUaBaWxDZ7/Zx4CTyX7cJQLJOok/orfjZAh9kEYpjJa4d0KcJmCbctZA==

pinia@^3.0.1:
  version "3.0.1"
  resolved "https://registry.npmmirror.com/pinia/-/pinia-3.0.1.tgz#d19f79a04b2b55fd63f78f1395a8c4a714d96941"
  integrity sha512-WXglsDzztOTH6IfcJ99ltYZin2mY8XZCXujkYWVIJlBjqsP6ST7zw+Aarh63E1cDVYeyUcPCxPHzJpEOmzB6Wg==
  dependencies:
    "@vue/devtools-api" "^7.7.2"

rfdc@^1.4.1:
  version "1.4.1"
  resolved "https://registry.npmmirror.com/rfdc/-/rfdc-1.4.1.tgz#778f76c4fb731d93414e8f925fbecf64cce7f6ca"
  integrity sha512-q1b3N5QkRUWUl7iyylaaj3kOpIT0N2i9MqIEQXP73GVsN9cw3fdx8X63cEmWhJGi2PPCF23Ijp7ktmd39rawIA==

speakingurl@^14.0.1:
  version "14.0.1"
  resolved "https://registry.npmmirror.com/speakingurl/-/speakingurl-14.0.1.tgz#f37ec8ddc4ab98e9600c1c9ec324a8c48d772a53"
  integrity sha512-1POYv7uv2gXoyGFpBCmpDVSNV74IfsWlDW216UPjbWufNf+bSU6GdbDsxdcxtfwb4xlI3yxzOTKClUosxARYrQ==

superjson@^2.2.1:
  version "2.2.2"
  resolved "https://registry.npmmirror.com/superjson/-/superjson-2.2.2.tgz#9d52bf0bf6b5751a3c3472f1292e714782ba3173"
  integrity sha512-5JRxVqC8I8NuOUjzBbvVJAKNM8qoVuH0O77h4WInc/qC2q5IreqKxYwgkga3PfA22OayK2ikceb/B26dztPl+Q==
  dependencies:
    copy-anything "^3.0.2"
